
Microsoft Visual Studio Solution File, Format Version 12.00
# Visual Studio Version 17
VisualStudioVersion = 17.10.35013.160
MinimumVisualStudioVersion = 10.0.40219.1
Project("{9A19103F-16F7-4668-BE54-9A1E7A4F7556}") = "P01_StudentSystem", "P01_StudentSystem\P01_StudentSystem.csproj", "{26A4DC0E-16CE-401D-93E3-18FBD221829E}"
EndProject
Project("{FAE04EC0-301F-11D3-BF4B-00C04F79EFBC}") = "P02_FootballBetting", "..\P02_FootballBetting\P02_FootballBetting.csproj", "{7969127B-22DB-4B4B-AA96-1D3B74ECB694}"
EndProject
Project("{FAE04EC0-301F-11D3-BF4B-00C04F79EFBC}") = "P02_FootballBetting.Data", "P02_FootballBetting.Data\P02_FootballBetting.Data.csproj", "{AA974BF8-80F1-4AD6-B0C7-DF6BEBDCA921}"
EndProject
Project("{FAE04EC0-301F-11D3-BF4B-00C04F79EFBC}") = "P02_FootballBetting.Data.Models", "P02_FootballBetting.Data.Models\P02_FootballBetting.Data.Models.csproj", "{001ADA37-9649-41A9-9B8C-FBB71241B95C}"
EndProject
Global
	GlobalSection(SolutionConfigurationPlatforms) = preSolution
		Debug|Any CPU = Debug|Any CPU
		Release|Any CPU = Release|Any CPU
	EndGlobalSection
	GlobalSection(ProjectConfigurationPlatforms) = postSolution
		{26A4DC0E-16CE-401D-93E3-18FBD221829E}.Debug|Any CPU.ActiveCfg = Debug|Any CPU
		{26A4DC0E-16CE-401D-93E3-18FBD221829E}.Debug|Any CPU.Build.0 = Debug|Any CPU
		{26A4DC0E-16CE-401D-93E3-18FBD221829E}.Release|Any CPU.ActiveCfg = Release|Any CPU
		{26A4DC0E-16CE-401D-93E3-18FBD221829E}.Release|Any CPU.Build.0 = Release|Any CPU
		{7969127B-22DB-4B4B-AA96-1D3B74ECB694}.Debug|Any CPU.ActiveCfg = Debug|Any CPU
		{7969127B-22DB-4B4B-AA96-1D3B74ECB694}.Debug|Any CPU.Build.0 = Debug|Any CPU
		{7969127B-22DB-4B4B-AA96-1D3B74ECB694}.Release|Any CPU.ActiveCfg = Release|Any CPU
		{7969127B-22DB-4B4B-AA96-1D3B74ECB694}.Release|Any CPU.Build.0 = Release|Any CPU
		{AA974BF8-80F1-4AD6-B0C7-DF6BEBDCA921}.Debug|Any CPU.ActiveCfg = Debug|Any CPU
		{AA974BF8-80F1-4AD6-B0C7-DF6BEBDCA921}.Debug|Any CPU.Build.0 = Debug|Any CPU
		{AA974BF8-80F1-4AD6-B0C7-DF6BEBDCA921}.Release|Any CPU.ActiveCfg = Release|Any CPU
		{AA974BF8-80F1-4AD6-B0C7-DF6BEBDCA921}.Release|Any CPU.Build.0 = Release|Any CPU
		{001ADA37-9649-41A9-9B8C-FBB71241B95C}.Debug|Any CPU.ActiveCfg = Debug|Any CPU
		{001ADA37-9649-41A9-9B8C-FBB71241B95C}.Debug|Any CPU.Build.0 = Debug|Any CPU
		{001ADA37-9649-41A9-9B8C-FBB71241B95C}.Release|Any CPU.ActiveCfg = Release|Any CPU
		{001ADA37-9649-41A9-9B8C-FBB71241B95C}.Release|Any CPU.Build.0 = Release|Any CPU
	EndGlobalSection
	GlobalSection(SolutionProperties) = preSolution
		HideSolutionNode = FALSE
	EndGlobalSection
	GlobalSection(ExtensibilityGlobals) = postSolution
		SolutionGuid = {E2B7929D-C298-4D5A-867B-C6D3C83682C7}
	EndGlobalSection
EndGlobal
